// !$*UTF8*$!
{
	archiveVersion = 1;
	classes = {
	};
	objectVersion = 46;
	objects = {

/* Begin PBXBuildFile section */
		35864FD5175C7AF900C14D4B /* AppDelegate.m in Sources */ = {isa = PBXBuildFile; fileRef = 35864F75175C7AF900C14D4B /* AppDelegate.m */; };
		35864FDB175C7AF900C14D4B /* Default-568h@2x.png in Resources */ = {isa = PBXBuildFile; fileRef = 35864F82175C7AF900C14D4B /* Default-568h@2x.png */; };
		35864FDC175C7AF900C14D4B /* Default.png in Resources */ = {isa = PBXBuildFile; fileRef = 35864F83175C7AF900C14D4B /* Default.png */; };
		35864FDD175C7AF900C14D4B /* Default@2x.png in Resources */ = {isa = PBXBuildFile; fileRef = 35864F84175C7AF900C14D4B /* Default@2x.png */; };
		35864FDE175C7AF900C14D4B /* InfoPlist.strings in Resources */ = {isa = PBXBuildFile; fileRef = 35864F85175C7AF900C14D4B /* InfoPlist.strings */; };
		35864FDF175C7AF900C14D4B /* ViewController.xib in Resources */ = {isa = PBXBuildFile; fileRef = 35864F87175C7AF900C14D4B /* ViewController.xib */; };
		35864FE0175C7AF900C14D4B /* main.m in Sources */ = {isa = PBXBuildFile; fileRef = 35864F8F175C7AF900C14D4B /* main.m */; };
		35864FE2175C7AF900C14D4B /* desk.png in Resources */ = {isa = PBXBuildFile; fileRef = 35864F93175C7AF900C14D4B /* desk.png */; };
		35864FFE175C7AF900C14D4B /* RFBScrollView.m in Sources */ = {isa = PBXBuildFile; fileRef = 35864FC8175C7AF900C14D4B /* RFBScrollView.m */; };
		35864FFF175C7AF900C14D4B /* RFBView.m in Sources */ = {isa = PBXBuildFile; fileRef = 35864FCA175C7AF900C14D4B /* RFBView.m */; };
		35865000175C7AF900C14D4B /* RFBViewController.m in Sources */ = {isa = PBXBuildFile; fileRef = 35864FCC175C7AF900C14D4B /* RFBViewController.m */; };
		35865001175C7AF900C14D4B /* RFBViewController.xib in Resources */ = {isa = PBXBuildFile; fileRef = 35864FCD175C7AF900C14D4B /* RFBViewController.xib */; };
		35865002175C7AF900C14D4B /* ServerListViewController.m in Sources */ = {isa = PBXBuildFile; fileRef = 35864FCF175C7AF900C14D4B /* ServerListViewController.m */; };
		35865003175C7AF900C14D4B /* ServerListViewController.xib in Resources */ = {isa = PBXBuildFile; fileRef = 35864FD0175C7AF900C14D4B /* ServerListViewController.xib */; };
		35865004175C7AF900C14D4B /* ViewController.m in Sources */ = {isa = PBXBuildFile; fileRef = 35864FD2175C7AF900C14D4B /* ViewController.m */; };
		35865008175C859700C14D4B /* exit.png in Resources */ = {isa = PBXBuildFile; fileRef = 35865005175C859700C14D4B /* exit.png */; };
		35865009175C859700C14D4B /* keyboard.png in Resources */ = {isa = PBXBuildFile; fileRef = 35865006175C859700C14D4B /* keyboard.png */; };
		3586500A175C859700C14D4B /* mouse.png in Resources */ = {isa = PBXBuildFile; fileRef = 35865007175C859700C14D4B /* mouse.png */; };
		3586500C175C898E00C14D4B /* hand.png in Resources */ = {isa = PBXBuildFile; fileRef = 3586500B175C898E00C14D4B /* hand.png */; };
		35D7D41416DF4222000A60F5 /* UIKit.framework in Frameworks */ = {isa = PBXBuildFile; fileRef = 35D7D41316DF4221000A60F5 /* UIKit.framework */; };
		35D7D41616DF4222000A60F5 /* Foundation.framework in Frameworks */ = {isa = PBXBuildFile; fileRef = 35D7D41516DF4222000A60F5 /* Foundation.framework */; };
		35D7D41816DF4222000A60F5 /* CoreGraphics.framework in Frameworks */ = {isa = PBXBuildFile; fileRef = 35D7D41716DF4222000A60F5 /* CoreGraphics.framework */; };
		35D7D45D16DF44BB000A60F5 /* Security.framework in Frameworks */ = {isa = PBXBuildFile; fileRef = 35D7D45C16DF44BB000A60F5 /* Security.framework */; };
		35D7D46016DF453C000A60F5 /* CFNetwork.framework in Frameworks */ = {isa = PBXBuildFile; fileRef = 35D7D45E16DF44C6000A60F5 /* CFNetwork.framework */; };
		35EAD8E216FAA08900B04BD0 /* Accelerate.framework in Frameworks */ = {isa = PBXBuildFile; fileRef = 35EAD8E116FAA08900B04BD0 /* Accelerate.framework */; };
		35FD6D0C16ED6C020034AC37 /* QuartzCore.framework in Frameworks */ = {isa = PBXBuildFile; fileRef = 35FD6D0B16ED6C020034AC37 /* QuartzCore.framework */; };
		9CB61FD6F628508284CDC96B /* libPods.a in Frameworks */ = {isa = PBXBuildFile; fileRef = 2A1F1005B4D51DB81081DDF0 /* libPods.a */; };
/* End PBXBuildFile section */

/* Begin PBXFileReference section */
		06BCDAE8D96CFA724EDBC128 /* Pods.release.xcconfig */ = {isa = PBXFileReference; includeInIndex = 1; lastKnownFileType = text.xcconfig; name = Pods.release.xcconfig; path = "Pods/Target Support Files/Pods/Pods.release.xcconfig"; sourceTree = "<group>"; };
		2A1F1005B4D51DB81081DDF0 /* libPods.a */ = {isa = PBXFileReference; explicitFileType = archive.ar; includeInIndex = 0; path = libPods.a; sourceTree = BUILT_PRODUCTS_DIR; };
		35864F74175C7AF900C14D4B /* AppDelegate.h */ = {isa = PBXFileReference; fileEncoding = 4; lastKnownFileType = sourcecode.c.h; path = AppDelegate.h; sourceTree = "<group>"; };
		35864F75175C7AF900C14D4B /* AppDelegate.m */ = {isa = PBXFileReference; fileEncoding = 4; lastKnownFileType = sourcecode.c.objc; path = AppDelegate.m; sourceTree = "<group>"; };
		35864F82175C7AF900C14D4B /* Default-568h@2x.png */ = {isa = PBXFileReference; lastKnownFileType = image.png; path = "Default-568h@2x.png"; sourceTree = "<group>"; };
		35864F83175C7AF900C14D4B /* Default.png */ = {isa = PBXFileReference; lastKnownFileType = image.png; path = Default.png; sourceTree = "<group>"; };
		35864F84175C7AF900C14D4B /* Default@2x.png */ = {isa = PBXFileReference; lastKnownFileType = image.png; path = "Default@2x.png"; sourceTree = "<group>"; };
		35864F86175C7AF900C14D4B /* en */ = {isa = PBXFileReference; lastKnownFileType = text.plist.strings; name = en; path = en.lproj/InfoPlist.strings; sourceTree = "<group>"; };
		35864F88175C7AF900C14D4B /* en */ = {isa = PBXFileReference; lastKnownFileType = file.xib; name = en; path = en.lproj/ViewController.xib; sourceTree = "<group>"; };
		35864F8F175C7AF900C14D4B /* main.m */ = {isa = PBXFileReference; fileEncoding = 4; lastKnownFileType = sourcecode.c.objc; path = main.m; sourceTree = "<group>"; };
		35864F90175C7AF900C14D4B /* NPDesktop-Info.plist */ = {isa = PBXFileReference; fileEncoding = 4; lastKnownFileType = text.plist.xml; path = "NPDesktop-Info.plist"; sourceTree = "<group>"; };
		35864F91175C7AF900C14D4B /* NPDesktop-Prefix.pch */ = {isa = PBXFileReference; fileEncoding = 4; lastKnownFileType = sourcecode.c.h; path = "NPDesktop-Prefix.pch"; sourceTree = "<group>"; };
		35864F93175C7AF900C14D4B /* desk.png */ = {isa = PBXFileReference; lastKnownFileType = image.png; path = desk.png; sourceTree = "<group>"; };
		35864FC7175C7AF900C14D4B /* RFBScrollView.h */ = {isa = PBXFileReference; fileEncoding = 4; lastKnownFileType = sourcecode.c.h; path = RFBScrollView.h; sourceTree = "<group>"; };
		35864FC8175C7AF900C14D4B /* RFBScrollView.m */ = {isa = PBXFileReference; fileEncoding = 4; lastKnownFileType = sourcecode.c.objc; path = RFBScrollView.m; sourceTree = "<group>"; };
		35864FC9175C7AF900C14D4B /* RFBView.h */ = {isa = PBXFileReference; fileEncoding = 4; lastKnownFileType = sourcecode.c.h; path = RFBView.h; sourceTree = "<group>"; };
		35864FCA175C7AF900C14D4B /* RFBView.m */ = {isa = PBXFileReference; fileEncoding = 4; lastKnownFileType = sourcecode.c.objc; path = RFBView.m; sourceTree = "<group>"; };
		35864FCB175C7AF900C14D4B /* RFBViewController.h */ = {isa = PBXFileReference; fileEncoding = 4; lastKnownFileType = sourcecode.c.h; path = RFBViewController.h; sourceTree = "<group>"; };
		35864FCC175C7AF900C14D4B /* RFBViewController.m */ = {isa = PBXFileReference; fileEncoding = 4; lastKnownFileType = sourcecode.c.objc; path = RFBViewController.m; sourceTree = "<group>"; };
		35864FCD175C7AF900C14D4B /* RFBViewController.xib */ = {isa = PBXFileReference; fileEncoding = 4; lastKnownFileType = file.xib; path = RFBViewController.xib; sourceTree = "<group>"; };
		35864FCE175C7AF900C14D4B /* ServerListViewController.h */ = {isa = PBXFileReference; fileEncoding = 4; lastKnownFileType = sourcecode.c.h; path = ServerListViewController.h; sourceTree = "<group>"; };
		35864FCF175C7AF900C14D4B /* ServerListViewController.m */ = {isa = PBXFileReference; fileEncoding = 4; lastKnownFileType = sourcecode.c.objc; path = ServerListViewController.m; sourceTree = "<group>"; };
		35864FD0175C7AF900C14D4B /* ServerListViewController.xib */ = {isa = PBXFileReference; fileEncoding = 4; lastKnownFileType = file.xib; path = ServerListViewController.xib; sourceTree = "<group>"; };
		35864FD1175C7AF900C14D4B /* ViewController.h */ = {isa = PBXFileReference; fileEncoding = 4; lastKnownFileType = sourcecode.c.h; path = ViewController.h; sourceTree = "<group>"; };
		35864FD2175C7AF900C14D4B /* ViewController.m */ = {isa = PBXFileReference; fileEncoding = 4; lastKnownFileType = sourcecode.c.objc; path = ViewController.m; sourceTree = "<group>"; };
		35865005175C859700C14D4B /* exit.png */ = {isa = PBXFileReference; lastKnownFileType = image.png; path = exit.png; sourceTree = "<group>"; };
		35865006175C859700C14D4B /* keyboard.png */ = {isa = PBXFileReference; lastKnownFileType = image.png; path = keyboard.png; sourceTree = "<group>"; };
		35865007175C859700C14D4B /* mouse.png */ = {isa = PBXFileReference; lastKnownFileType = image.png; path = mouse.png; sourceTree = "<group>"; };
		3586500B175C898E00C14D4B /* hand.png */ = {isa = PBXFileReference; lastKnownFileType = image.png; path = hand.png; sourceTree = "<group>"; };
		35D7D40F16DF4221000A60F5 /* NPDesktop.app */ = {isa = PBXFileReference; explicitFileType = wrapper.application; includeInIndex = 0; path = NPDesktop.app; sourceTree = BUILT_PRODUCTS_DIR; };
		35D7D41316DF4221000A60F5 /* UIKit.framework */ = {isa = PBXFileReference; lastKnownFileType = wrapper.framework; name = UIKit.framework; path = System/Library/Frameworks/UIKit.framework; sourceTree = SDKROOT; };
		35D7D41516DF4222000A60F5 /* Foundation.framework */ = {isa = PBXFileReference; lastKnownFileType = wrapper.framework; name = Foundation.framework; path = System/Library/Frameworks/Foundation.framework; sourceTree = SDKROOT; };
		35D7D41716DF4222000A60F5 /* CoreGraphics.framework */ = {isa = PBXFileReference; lastKnownFileType = wrapper.framework; name = CoreGraphics.framework; path = System/Library/Frameworks/CoreGraphics.framework; sourceTree = SDKROOT; };
		35D7D43716DF4222000A60F5 /* SenTestingKit.framework */ = {isa = PBXFileReference; lastKnownFileType = wrapper.framework; name = SenTestingKit.framework; path = Library/Frameworks/SenTestingKit.framework; sourceTree = DEVELOPER_DIR; };
		35D7D45C16DF44BB000A60F5 /* Security.framework */ = {isa = PBXFileReference; lastKnownFileType = wrapper.framework; name = Security.framework; path = System/Library/Frameworks/Security.framework; sourceTree = SDKROOT; };
		35D7D45E16DF44C6000A60F5 /* CFNetwork.framework */ = {isa = PBXFileReference; lastKnownFileType = wrapper.framework; name = CFNetwork.framework; path = System/Library/Frameworks/CFNetwork.framework; sourceTree = SDKROOT; };
		35DE421A17018A8400464A98 /* libz.dylib */ = {isa = PBXFileReference; lastKnownFileType = "compiled.mach-o.dylib"; name = libz.dylib; path = usr/lib/libz.dylib; sourceTree = SDKROOT; };
		35E8B58B16FC0089000EB20F /* libjpeg.a */ = {isa = PBXFileReference; lastKnownFileType = archive.ar; path = libjpeg.a; sourceTree = "<group>"; };
		35EAD8E116FAA08900B04BD0 /* Accelerate.framework */ = {isa = PBXFileReference; lastKnownFileType = wrapper.framework; name = Accelerate.framework; path = System/Library/Frameworks/Accelerate.framework; sourceTree = SDKROOT; };
		35FD6D0B16ED6C020034AC37 /* QuartzCore.framework */ = {isa = PBXFileReference; lastKnownFileType = wrapper.framework; name = QuartzCore.framework; path = System/Library/Frameworks/QuartzCore.framework; sourceTree = SDKROOT; };
		C43F92DBEB77CC3BEC5AF554 /* Pods.debug.xcconfig */ = {isa = PBXFileReference; includeInIndex = 1; lastKnownFileType = text.xcconfig; name = Pods.debug.xcconfig; path = "Pods/Target Support Files/Pods/Pods.debug.xcconfig"; sourceTree = "<group>"; };
/* End PBXFileReference section */

/* Begin PBXFrameworksBuildPhase section */
		35D7D40C16DF4221000A60F5 /* Frameworks */ = {
			isa = PBXFrameworksBuildPhase;
			buildActionMask = 2147483647;
			files = (
				35EAD8E216FAA08900B04BD0 /* Accelerate.framework in Frameworks */,
				35FD6D0C16ED6C020034AC37 /* QuartzCore.framework in Frameworks */,
				35D7D46016DF453C000A60F5 /* CFNetwork.framework in Frameworks */,
				35D7D45D16DF44BB000A60F5 /* Security.framework in Frameworks */,
				35D7D41416DF4222000A60F5 /* UIKit.framework in Frameworks */,
				35D7D41616DF4222000A60F5 /* Foundation.framework in Frameworks */,
				35D7D41816DF4222000A60F5 /* CoreGraphics.framework in Frameworks */,
				9CB61FD6F628508284CDC96B /* libPods.a in Frameworks */,
			);
			runOnlyForDeploymentPostprocessing = 0;
		};
/* End PBXFrameworksBuildPhase section */

/* Begin PBXGroup section */
		35864F6E175C7AF900C14D4B /* NPDesktop */ = {
			isa = PBXGroup;
			children = (
				35864F74175C7AF900C14D4B /* AppDelegate.h */,
				35864F75175C7AF900C14D4B /* AppDelegate.m */,
				35864F82175C7AF900C14D4B /* Default-568h@2x.png */,
				35864F83175C7AF900C14D4B /* Default.png */,
				35864F84175C7AF900C14D4B /* Default@2x.png */,
				35864F85175C7AF900C14D4B /* InfoPlist.strings */,
				35864F87175C7AF900C14D4B /* ViewController.xib */,
				35864F8F175C7AF900C14D4B /* main.m */,
				35864F90175C7AF900C14D4B /* NPDesktop-Info.plist */,
				35864F91175C7AF900C14D4B /* NPDesktop-Prefix.pch */,
				35864F92175C7AF900C14D4B /* png */,
				35864FC6175C7AF900C14D4B /* view */,
				35864FD1175C7AF900C14D4B /* ViewController.h */,
				35864FD2175C7AF900C14D4B /* ViewController.m */,
			);
			path = NPDesktop;
			sourceTree = "<group>";
		};
		35864F92175C7AF900C14D4B /* png */ = {
			isa = PBXGroup;
			children = (
				3586500B175C898E00C14D4B /* hand.png */,
				35865005175C859700C14D4B /* exit.png */,
				35865006175C859700C14D4B /* keyboard.png */,
				35865007175C859700C14D4B /* mouse.png */,
				35864F93175C7AF900C14D4B /* desk.png */,
			);
			path = png;
			sourceTree = "<group>";
		};
		35864FC6175C7AF900C14D4B /* view */ = {
			isa = PBXGroup;
			children = (
				35864FC7175C7AF900C14D4B /* RFBScrollView.h */,
				35864FC8175C7AF900C14D4B /* RFBScrollView.m */,
				35864FC9175C7AF900C14D4B /* RFBView.h */,
				35864FCA175C7AF900C14D4B /* RFBView.m */,
				35864FCB175C7AF900C14D4B /* RFBViewController.h */,
				35864FCC175C7AF900C14D4B /* RFBViewController.m */,
				35864FCD175C7AF900C14D4B /* RFBViewController.xib */,
				35864FCE175C7AF900C14D4B /* ServerListViewController.h */,
				35864FCF175C7AF900C14D4B /* ServerListViewController.m */,
				35864FD0175C7AF900C14D4B /* ServerListViewController.xib */,
			);
			path = view;
			sourceTree = "<group>";
		};
		35D7D40416DF4221000A60F5 = {
			isa = PBXGroup;
			children = (
				35864F6E175C7AF900C14D4B /* NPDesktop */,
				35D7D41216DF4221000A60F5 /* Frameworks */,
				35D7D41016DF4221000A60F5 /* Products */,
				95BCBCA41FFFA788EA5F5922 /* Pods */,
			);
			sourceTree = "<group>";
		};
		35D7D41016DF4221000A60F5 /* Products */ = {
			isa = PBXGroup;
			children = (
				35D7D40F16DF4221000A60F5 /* NPDesktop.app */,
			);
			name = Products;
			sourceTree = "<group>";
		};
		35D7D41216DF4221000A60F5 /* Frameworks */ = {
			isa = PBXGroup;
			children = (
				35DE421A17018A8400464A98 /* libz.dylib */,
				35E8B58B16FC0089000EB20F /* libjpeg.a */,
				35EAD8E116FAA08900B04BD0 /* Accelerate.framework */,
				35FD6D0B16ED6C020034AC37 /* QuartzCore.framework */,
				35D7D45E16DF44C6000A60F5 /* CFNetwork.framework */,
				35D7D45C16DF44BB000A60F5 /* Security.framework */,
				35D7D41316DF4221000A60F5 /* UIKit.framework */,
				35D7D41516DF4222000A60F5 /* Foundation.framework */,
				35D7D41716DF4222000A60F5 /* CoreGraphics.framework */,
				35D7D43716DF4222000A60F5 /* SenTestingKit.framework */,
				2A1F1005B4D51DB81081DDF0 /* libPods.a */,
			);
			name = Frameworks;
			sourceTree = "<group>";
		};
		95BCBCA41FFFA788EA5F5922 /* Pods */ = {
			isa = PBXGroup;
			children = (
				C43F92DBEB77CC3BEC5AF554 /* Pods.debug.xcconfig */,
				06BCDAE8D96CFA724EDBC128 /* Pods.release.xcconfig */,
			);
			name = Pods;
			sourceTree = "<group>";
		};
/* End PBXGroup section */

/* Begin PBXNativeTarget section */
		35D7D40E16DF4221000A60F5 /* NPDesktop */ = {
			isa = PBXNativeTarget;
			buildConfigurationList = 35D7D44816DF4222000A60F5 /* Build configuration list for PBXNativeTarget "NPDesktop" */;
			buildPhases = (
				A1E4A85D12BBE3E9D66B297D /* Check Pods Manifest.lock */,
				35D7D40B16DF4221000A60F5 /* Sources */,
				35D7D40C16DF4221000A60F5 /* Frameworks */,
				35D7D40D16DF4221000A60F5 /* Resources */,
				4F2D2AD4832A032A87A49685 /* Embed Pods Frameworks */,
				F20950ADD34548D025265AA0 /* Copy Pods Resources */,
			);
			buildRules = (
			);
			dependencies = (
			);
			name = NPDesktop;
			productName = VISClient;
			productReference = 35D7D40F16DF4221000A60F5 /* NPDesktop.app */;
			productType = "com.apple.product-type.application";
		};
/* End PBXNativeTarget section */

/* Begin PBXProject section */
		35D7D40616DF4221000A60F5 /* Project object */ = {
			isa = PBXProject;
			attributes = {
				LastUpgradeCheck = 0460;
				ORGANIZATIONNAME = leon;
			};
			buildConfigurationList = 35D7D40916DF4221000A60F5 /* Build configuration list for PBXProject "NPDesktop" */;
			compatibilityVersion = "Xcode 3.2";
			developmentRegion = English;
			hasScannedForEncodings = 0;
			knownRegions = (
				en,
			);
			mainGroup = 35D7D40416DF4221000A60F5;
			productRefGroup = 35D7D41016DF4221000A60F5 /* Products */;
			projectDirPath = "";
			projectRoot = "";
			targets = (
				35D7D40E16DF4221000A60F5 /* NPDesktop */,
			);
		};
/* End PBXProject section */

/* Begin PBXResourcesBuildPhase section */
		35D7D40D16DF4221000A60F5 /* Resources */ = {
			isa = PBXResourcesBuildPhase;
			buildActionMask = 2147483647;
			files = (
				35864FDB175C7AF900C14D4B /* Default-568h@2x.png in Resources */,
				35864FDC175C7AF900C14D4B /* Default.png in Resources */,
				35864FDD175C7AF900C14D4B /* Default@2x.png in Resources */,
				35864FDE175C7AF900C14D4B /* InfoPlist.strings in Resources */,
				35864FDF175C7AF900C14D4B /* ViewController.xib in Resources */,
				35864FE2175C7AF900C14D4B /* desk.png in Resources */,
				35865001175C7AF900C14D4B /* RFBViewController.xib in Resources */,
				35865003175C7AF900C14D4B /* ServerListViewController.xib in Resources */,
				35865008175C859700C14D4B /* exit.png in Resources */,
				35865009175C859700C14D4B /* keyboard.png in Resources */,
				3586500A175C859700C14D4B /* mouse.png in Resources */,
				3586500C175C898E00C14D4B /* hand.png in Resources */,
			);
			runOnlyForDeploymentPostprocessing = 0;
		};
/* End PBXResourcesBuildPhase section */

/* Begin PBXShellScriptBuildPhase section */
		4F2D2AD4832A032A87A49685 /* Embed Pods Frameworks */ = {
			isa = PBXShellScriptBuildPhase;
			buildActionMask = 2147483647;
			files = (
			);
			inputPaths = (
			);
			name = "Embed Pods Frameworks";
			outputPaths = (
			);
			runOnlyForDeploymentPostprocessing = 0;
			shellPath = /bin/sh;
			shellScript = "\"${SRCROOT}/Pods/Target Support Files/Pods/Pods-frameworks.sh\"\n";
			showEnvVarsInLog = 0;
		};
		A1E4A85D12BBE3E9D66B297D /* Check Pods Manifest.lock */ = {
			isa = PBXShellScriptBuildPhase;
			buildActionMask = 2147483647;
			files = (
			);
			inputPaths = (
			);
			name = "Check Pods Manifest.lock";
			outputPaths = (
			);
			runOnlyForDeploymentPostprocessing = 0;
			shellPath = /bin/sh;
			shellScript = "diff \"${PODS_ROOT}/../Podfile.lock\" \"${PODS_ROOT}/Manifest.lock\" > /dev/null\nif [[ $? != 0 ]] ; then\n    cat << EOM\nerror: The sandbox is not in sync with the Podfile.lock. Run 'pod install' or update your CocoaPods installation.\nEOM\n    exit 1\nfi\n";
			showEnvVarsInLog = 0;
		};
		F20950ADD34548D025265AA0 /* Copy Pods Resources */ = {
			isa = PBXShellScriptBuildPhase;
			buildActionMask = 2147483647;
			files = (
			);
			inputPaths = (
			);
			name = "Copy Pods Resources";
			outputPaths = (
			);
			runOnlyForDeploymentPostprocessing = 0;
			shellPath = /bin/sh;
			shellScript = "\"${SRCROOT}/Pods/Target Support Files/Pods/Pods-resources.sh\"\n";
			showEnvVarsInLog = 0;
		};
/* End PBXShellScriptBuildPhase section */

/* Begin PBXSourcesBuildPhase section */
		35D7D40B16DF4221000A60F5 /* Sources */ = {
			isa = PBXSourcesBuildPhase;
			buildActionMask = 2147483647;
			files = (
				35864FD5175C7AF900C14D4B /* AppDelegate.m in Sources */,
				35864FE0175C7AF900C14D4B /* main.m in Sources */,
				35864FFE175C7AF900C14D4B /* RFBScrollView.m in Sources */,
				35864FFF175C7AF900C14D4B /* RFBView.m in Sources */,
				35865000175C7AF900C14D4B /* RFBViewController.m in Sources */,
				35865002175C7AF900C14D4B /* ServerListViewController.m in Sources */,
				35865004175C7AF900C14D4B /* ViewController.m in Sources */,
			);
			runOnlyForDeploymentPostprocessing = 0;
		};
/* End PBXSourcesBuildPhase section */

/* Begin PBXVariantGroup section */
		35864F85175C7AF900C14D4B /* InfoPlist.strings */ = {
			isa = PBXVariantGroup;
			children = (
				35864F86175C7AF900C14D4B /* en */,
			);
			name = InfoPlist.strings;
			sourceTree = "<group>";
		};
		35864F87175C7AF900C14D4B /* ViewController.xib */ = {
			isa = PBXVariantGroup;
			children = (
				35864F88175C7AF900C14D4B /* en */,
			);
			name = ViewController.xib;
			sourceTree = "<group>";
		};
/* End PBXVariantGroup section */

/* Begin XCBuildConfiguration section */
		35D7D44616DF4222000A60F5 /* Debug */ = {
			isa = XCBuildConfiguration;
			buildSettings = {
				ALWAYS_SEARCH_USER_PATHS = NO;
				CLANG_CXX_LANGUAGE_STANDARD = "gnu++0x";
				CLANG_CXX_LIBRARY = "libc++";
				CLANG_ENABLE_OBJC_ARC = YES;
				CLANG_WARN_EMPTY_BODY = YES;
				CLANG_WARN__DUPLICATE_METHOD_MATCH = YES;
				CODE_SIGN_IDENTITY = "";
				"CODE_SIGN_IDENTITY[sdk=iphoneos*]" = "iPhone Developer";
				COPY_PHASE_STRIP = NO;
				GCC_C_LANGUAGE_STANDARD = gnu99;
				GCC_DYNAMIC_NO_PIC = NO;
				GCC_OPTIMIZATION_LEVEL = 3;
				GCC_PREPROCESSOR_DEFINITIONS = "$(inherited)";
				GCC_SYMBOLS_PRIVATE_EXTERN = NO;
				GCC_WARN_ABOUT_RETURN_TYPE = YES;
				GCC_WARN_UNINITIALIZED_AUTOS = YES;
				GCC_WARN_UNUSED_VARIABLE = YES;
				IPHONEOS_DEPLOYMENT_TARGET = 6.0;
				ONLY_ACTIVE_ARCH = YES;
				OTHER_CFLAGS = "";
				SDKROOT = iphoneos;
				SKIP_INSTALL = NO;
				TARGETED_DEVICE_FAMILY = 2;
				"USER_HEADER_SEARCH_PATHS[arch=*]" = "$(BUILT_PRODUCTS_DIR)/**";
			};
			name = Debug;
		};
		35D7D44716DF4222000A60F5 /* Release */ = {
			isa = XCBuildConfiguration;
			buildSettings = {
				ALWAYS_SEARCH_USER_PATHS = NO;
				CLANG_CXX_LANGUAGE_STANDARD = "gnu++0x";
				CLANG_CXX_LIBRARY = "libc++";
				CLANG_ENABLE_OBJC_ARC = YES;
				CLANG_WARN_EMPTY_BODY = YES;
				CLANG_WARN__DUPLICATE_METHOD_MATCH = YES;
				CODE_SIGN_IDENTITY = "";
				"CODE_SIGN_IDENTITY[sdk=iphoneos*]" = "iPhone Developer";
				COPY_PHASE_STRIP = YES;
				GCC_C_LANGUAGE_STANDARD = gnu99;
				GCC_WARN_ABOUT_RETURN_TYPE = YES;
				GCC_WARN_UNINITIALIZED_AUTOS = YES;
				GCC_WARN_UNUSED_VARIABLE = YES;
				IPHONEOS_DEPLOYMENT_TARGET = 6.0;
				OTHER_CFLAGS = "";
				SDKROOT = iphoneos;
				SKIP_INSTALL = NO;
				TARGETED_DEVICE_FAMILY = 2;
				"USER_HEADER_SEARCH_PATHS[arch=*]" = "$(BUILT_PRODUCTS_DIR)/**";
				VALIDATE_PRODUCT = YES;
			};
			name = Release;
		};
		35D7D44916DF4222000A60F5 /* Debug */ = {
			isa = XCBuildConfiguration;
			baseConfigurationReference = C43F92DBEB77CC3BEC5AF554 /* Pods.debug.xcconfig */;
			buildSettings = {
				GCC_PRECOMPILE_PREFIX_HEADER = YES;
				GCC_PREFIX_HEADER = "NPDesktop/NPDesktop-Prefix.pch";
				INFOPLIST_FILE = "NPDesktop/NPDesktop-Info.plist";
				LIBRARY_SEARCH_PATHS = (
					"$(inherited)",
					"\"$(SRCROOT)\"",
				);
				PRODUCT_NAME = NPDesktop;
				WRAPPER_EXTENSION = app;
			};
			name = Debug;
		};
		35D7D44A16DF4222000A60F5 /* Release */ = {
			isa = XCBuildConfiguration;
			baseConfigurationReference = 06BCDAE8D96CFA724EDBC128 /* Pods.release.xcconfig */;
			buildSettings = {
				GCC_PRECOMPILE_PREFIX_HEADER = YES;
				GCC_PREFIX_HEADER = "NPDesktop/NPDesktop-Prefix.pch";
				INFOPLIST_FILE = "NPDesktop/NPDesktop-Info.plist";
				LIBRARY_SEARCH_PATHS = (
					"$(inherited)",
					"\"$(SRCROOT)\"",
				);
				PRODUCT_NAME = NPDesktop;
				WRAPPER_EXTENSION = app;
			};
			name = Release;
		};
/* End XCBuildConfiguration section */

/* Begin XCConfigurationList section */
		35D7D40916DF4221000A60F5 /* Build configuration list for PBXProject "NPDesktop" */ = {
			isa = XCConfigurationList;
			buildConfigurations = (
				35D7D44616DF4222000A60F5 /* Debug */,
				35D7D44716DF4222000A60F5 /* Release */,
			);
			defaultConfigurationIsVisible = 0;
			defaultConfigurationName = Release;
		};
		35D7D44816DF4222000A60F5 /* Build configuration list for PBXNativeTarget "NPDesktop" */ = {
			isa = XCConfigurationList;
			buildConfigurations = (
				35D7D44916DF4222000A60F5 /* Debug */,
				35D7D44A16DF4222000A60F5 /* Release */,
			);
			defaultConfigurationIsVisible = 0;
			defaultConfigurationName = Release;
		};
/* End XCConfigurationList section */
	};
	rootObject = 35D7D40616DF4221000A60F5 /* Project object */;
}
